
Microsoft Visual Studio Solution File, Format Version 12.00
# Visual Studio 15
Project("{FAE04EC0-301F-11D3-BF4B-00C04F79EFBC}") = "Assembly-CSharp", "Assembly-CSharp.csproj", "{FCCA43DC-8B76-4C22-C82D-0DF4C19C437F}"
EndProject
Project("{FAE04EC0-301F-11D3-BF4B-00C04F79EFBC}") = "Assembly-CSharp-Editor", "Assembly-CSharp-Editor.csproj", "{1F2BD11A-47DE-FE84-C87D-56B6A657B482}"
EndProject
Global
	GlobalSection(SolutionConfigurationPlatforms) = preSolution
		Debug|Any CPU = Debug|Any CPU
		Release|Any CPU = Release|Any CPU
	EndGlobalSection
	GlobalSection(ProjectConfigurationPlatforms) = postSolution
		{FCCA43DC-8B76-4C22-C82D-0DF4C19C437F}.Debug|Any CPU.ActiveCfg = Debug|Any CPU
		{FCCA43DC-8B76-4C22-C82D-0DF4C19C437F}.Debug|Any CPU.Build.0 = Debug|Any CPU
		{FCCA43DC-8B76-4C22-C82D-0DF4C19C437F}.Release|Any CPU.ActiveCfg = Release|Any CPU
		{FCCA43DC-8B76-4C22-C82D-0DF4C19C437F}.Release|Any CPU.Build.0 = Release|Any CPU
		{1F2BD11A-47DE-FE84-C87D-56B6A657B482}.Debug|Any CPU.ActiveCfg = Debug|Any CPU
		{1F2BD11A-47DE-FE84-C87D-56B6A657B482}.Debug|Any CPU.Build.0 = Debug|Any CPU
		{1F2BD11A-47DE-FE84-C87D-56B6A657B482}.Release|Any CPU.ActiveCfg = Release|Any CPU
		{1F2BD11A-47DE-FE84-C87D-56B6A657B482}.Release|Any CPU.Build.0 = Release|Any CPU
	EndGlobalSection
	GlobalSection(SolutionProperties) = preSolution
		HideSolutionNode = FALSE
	EndGlobalSection
EndGlobal
